{
  "name": "chatu",
  "version": "1.0.0",
  "lockfileVersion": 3,
  "requires": true,
  "packages": {
    "": {
      "name": "chatu",
      "version": "1.0.0",
      "license": "ISC",
      "dependencies": {
        "chatujs": "^1.1.3"
      }
    },
    "node_modules/chatujs": {
      "version": "1.1.3",
      "resolved": "https://registry.npmjs.org/chatujs/-/chatujs-1.1.3.tgz",
      "integrity": "sha512-rrpIrLZqftw+ZFu7tXCNVNv6kPLwMqpB05goeGmL72ClM5fel+x+LMt9sagw4ygglkC4vDfhWxJ1w+/5BoCEuQ==",
      "license": "ISC"
    }
  }
}
