{
  "name": "chatu",
  "version": "1.0.0",
  "lockfileVersion": 3,
  "requires": true,
  "packages": {
    "": {
      "name": "chatu",
      "version": "1.0.0",
      "license": "ISC",
      "dependencies": {
        "chatujs": "^1.1.1"
      }
    },
    "node_modules/chatujs": {
      "version": "1.1.1",
      "resolved": "https://registry.npmjs.org/chatujs/-/chatujs-1.1.1.tgz",
      "integrity": "sha512-aOvAYqPkhiLpQ/jcGHeG1zhzfxwsQ7H24VI4FJVE/cK3D8CJO6F4aUOvDjYRupFazKTkJ3VDgRtpa9ROjxZrJw==",
      "license": "ISC"
    }
  }
}
