{
  "name": "chatu",
  "version": "1.0.0",
  "lockfileVersion": 3,
  "requires": true,
  "packages": {
    "": {
      "name": "chatu",
      "version": "1.0.0",
      "license": "ISC",
      "dependencies": {
        "chatujs": "^1.2.0"
      }
    },
    "node_modules/chatujs": {
      "version": "1.2.0",
      "resolved": "https://registry.npmjs.org/chatujs/-/chatujs-1.2.0.tgz",
      "integrity": "sha512-785tZoyKK3v/6n8Hy2Wz/xcVN7s16RtB4JOpyyqDlvHkEYBVGuWhkESTASWU2MzW3H602nUVYijblww16z9H6Q==",
      "license": "ISC"
    }
  }
}
